// !$*UTF8*$!
{
	archiveVersion = 1;
	classes = {
	};
	objectVersion = 48;
	objects = {

/* Begin PBXBuildFile section */
		0D221F4E7DEB2B77B8FFFA8D /* Pods_ServicesP.framework in Frameworks */ = {isa = PBXBuildFile; fileRef = 39CD37C920A6D0B9962B4B2F /* Pods_ServicesP.framework */; };
		4A5E044B1FC69BC700354B58 /* LoginViewController.swift in Sources */ = {isa = PBXBuildFile; fileRef = 4A5E044A1FC69BC700354B58 /* LoginViewController.swift */; };
		4A5E044D1FC69C8400354B58 /* ServicesClass.swift in Sources */ = {isa = PBXBuildFile; fileRef = 4A5E044C1FC69C8400354B58 /* ServicesClass.swift */; };
		4AE7B6B11FC59A8100D4EECF /* AppDelegate.swift in Sources */ = {isa = PBXBuildFile; fileRef = 4AE7B6B01FC59A8100D4EECF /* AppDelegate.swift */; };
		4AE7B6B61FC59A8100D4EECF /* Main.storyboard in Resources */ = {isa = PBXBuildFile; fileRef = 4AE7B6B41FC59A8100D4EECF /* Main.storyboard */; };
		4AE7B6B81FC59A8100D4EECF /* Assets.xcassets in Resources */ = {isa = PBXBuildFile; fileRef = 4AE7B6B71FC59A8100D4EECF /* Assets.xcassets */; };
		4AE7B6BB1FC59A8100D4EECF /* LaunchScreen.storyboard in Resources */ = {isa = PBXBuildFile; fileRef = 4AE7B6B91FC59A8100D4EECF /* LaunchScreen.storyboard */; };
		4AE7B6C71FC5ADEB00D4EECF /* Constants.swift in Sources */ = {isa = PBXBuildFile; fileRef = 4AE7B6C61FC5ADEB00D4EECF /* Constants.swift */; };
/* End PBXBuildFile section */

/* Begin PBXFileReference section */
		39CD37C920A6D0B9962B4B2F /* Pods_ServicesP.framework */ = {isa = PBXFileReference; explicitFileType = wrapper.framework; includeInIndex = 0; path = Pods_ServicesP.framework; sourceTree = BUILT_PRODUCTS_DIR; };
		4A5E044A1FC69BC700354B58 /* LoginViewController.swift */ = {isa = PBXFileReference; lastKnownFileType = sourcecode.swift; path = LoginViewController.swift; sourceTree = "<group>"; };
		4A5E044C1FC69C8400354B58 /* ServicesClass.swift */ = {isa = PBXFileReference; lastKnownFileType = sourcecode.swift; path = ServicesClass.swift; sourceTree = "<group>"; };
		4AE7B6AD1FC59A8100D4EECF /* ServicesP.app */ = {isa = PBXFileReference; explicitFileType = wrapper.application; includeInIndex = 0; path = ServicesP.app; sourceTree = BUILT_PRODUCTS_DIR; };
		4AE7B6B01FC59A8100D4EECF /* AppDelegate.swift */ = {isa = PBXFileReference; lastKnownFileType = sourcecode.swift; path = AppDelegate.swift; sourceTree = "<group>"; };
		4AE7B6B51FC59A8100D4EECF /* Base */ = {isa = PBXFileReference; lastKnownFileType = file.storyboard; name = Base; path = Base.lproj/Main.storyboard; sourceTree = "<group>"; };
		4AE7B6B71FC59A8100D4EECF /* Assets.xcassets */ = {isa = PBXFileReference; lastKnownFileType = folder.assetcatalog; path = Assets.xcassets; sourceTree = "<group>"; };
		4AE7B6BA1FC59A8100D4EECF /* Base */ = {isa = PBXFileReference; lastKnownFileType = file.storyboard; name = Base; path = Base.lproj/LaunchScreen.storyboard; sourceTree = "<group>"; };
		4AE7B6BC1FC59A8100D4EECF /* Info.plist */ = {isa = PBXFileReference; lastKnownFileType = text.plist.xml; path = Info.plist; sourceTree = "<group>"; };
		4AE7B6C61FC5ADEB00D4EECF /* Constants.swift */ = {isa = PBXFileReference; lastKnownFileType = sourcecode.swift; path = Constants.swift; sourceTree = "<group>"; };
		59AA7AA82758CE4463762BE5 /* Pods-ServicesP.debug.xcconfig */ = {isa = PBXFileReference; includeInIndex = 1; lastKnownFileType = text.xcconfig; name = "Pods-ServicesP.debug.xcconfig"; path = "Pods/Target Support Files/Pods-ServicesP/Pods-ServicesP.debug.xcconfig"; sourceTree = "<group>"; };
		7AF441AC14C613C07FD34266 /* Pods-ServicesP.release.xcconfig */ = {isa = PBXFileReference; includeInIndex = 1; lastKnownFileType = text.xcconfig; name = "Pods-ServicesP.release.xcconfig"; path = "Pods/Target Support Files/Pods-ServicesP/Pods-ServicesP.release.xcconfig"; sourceTree = "<group>"; };
/* End PBXFileReference section */

/* Begin PBXFrameworksBuildPhase section */
		4AE7B6AA1FC59A8100D4EECF /* Frameworks */ = {
			isa = PBXFrameworksBuildPhase;
			buildActionMask = 2147483647;
			files = (
				0D221F4E7DEB2B77B8FFFA8D /* Pods_ServicesP.framework in Frameworks */,
			);
			runOnlyForDeploymentPostprocessing = 0;
		};
/* End PBXFrameworksBuildPhase section */

/* Begin PBXGroup section */
		24CE2DDEEA25619090121092 /* Pods */ = {
			isa = PBXGroup;
			children = (
				59AA7AA82758CE4463762BE5 /* Pods-ServicesP.debug.xcconfig */,
				7AF441AC14C613C07FD34266 /* Pods-ServicesP.release.xcconfig */,
			);
			name = Pods;
			sourceTree = "<group>";
		};
		4AE7B6A41FC59A8000D4EECF = {
			isa = PBXGroup;
			children = (
				4AE7B6AF1FC59A8100D4EECF /* ServicesP */,
				4AE7B6AE1FC59A8100D4EECF /* Products */,
				24CE2DDEEA25619090121092 /* Pods */,
				C3CFE268D7898A7A9B018FAF /* Frameworks */,
			);
			sourceTree = "<group>";
		};
		4AE7B6AE1FC59A8100D4EECF /* Products */ = {
			isa = PBXGroup;
			children = (
				4AE7B6AD1FC59A8100D4EECF /* ServicesP.app */,
			);
			name = Products;
			sourceTree = "<group>";
		};
		4AE7B6AF1FC59A8100D4EECF /* ServicesP */ = {
			isa = PBXGroup;
			children = (
				4AE7B6CB1FC5B3A600D4EECF /* Controllers */,
				4AE7B6CC1FC5B3C100D4EECF /* AppDelegate */,
				4AE7B6C81FC5B34A00D4EECF /* Views */,
				4AE7B6C21FC59BC100D4EECF /* Models */,
				4AE7B6B71FC59A8100D4EECF /* Assets.xcassets */,
				4AE7B6BC1FC59A8100D4EECF /* Info.plist */,
			);
			path = ServicesP;
			sourceTree = "<group>";
		};
		4AE7B6C21FC59BC100D4EECF /* Models */ = {
			isa = PBXGroup;
			children = (
				4AE7B6C91FC5B38D00D4EECF /* Services */,
				4AE7B6C51FC5ADD500D4EECF /* Constants */,
			);
			path = Models;
			sourceTree = "<group>";
		};
		4AE7B6C51FC5ADD500D4EECF /* Constants */ = {
			isa = PBXGroup;
			children = (
				4AE7B6C61FC5ADEB00D4EECF /* Constants.swift */,
			);
			path = Constants;
			sourceTree = "<group>";
		};
		4AE7B6C81FC5B34A00D4EECF /* Views */ = {
			isa = PBXGroup;
			children = (
				4AE7B6B41FC59A8100D4EECF /* Main.storyboard */,
				4AE7B6B91FC59A8100D4EECF /* LaunchScreen.storyboard */,
			);
			path = Views;
			sourceTree = "<group>";
		};
		4AE7B6C91FC5B38D00D4EECF /* Services */ = {
			isa = PBXGroup;
			children = (
				4A5E044C1FC69C8400354B58 /* ServicesClass.swift */,
			);
			path = Services;
			sourceTree = "<group>";
		};
		4AE7B6CB1FC5B3A600D4EECF /* Controllers */ = {
			isa = PBXGroup;
			children = (
				4A5E044A1FC69BC700354B58 /* LoginViewController.swift */,
			);
			path = Controllers;
			sourceTree = "<group>";
		};
		4AE7B6CC1FC5B3C100D4EECF /* AppDelegate */ = {
			isa = PBXGroup;
			children = (
				4AE7B6B01FC59A8100D4EECF /* AppDelegate.swift */,
			);
			path = AppDelegate;
			sourceTree = "<group>";
		};
		C3CFE268D7898A7A9B018FAF /* Frameworks */ = {
			isa = PBXGroup;
			children = (
				39CD37C920A6D0B9962B4B2F /* Pods_ServicesP.framework */,
			);
			name = Frameworks;
			sourceTree = "<group>";
		};
/* End PBXGroup section */

/* Begin PBXNativeTarget section */
		4AE7B6AC1FC59A8100D4EECF /* ServicesP */ = {
			isa = PBXNativeTarget;
			buildConfigurationList = 4AE7B6BF1FC59A8100D4EECF /* Build configuration list for PBXNativeTarget "ServicesP" */;
			buildPhases = (
				3C0E9A57CFCABDA0F77D9833 /* [CP] Check Pods Manifest.lock */,
				4AE7B6A91FC59A8100D4EECF /* Sources */,
				4AE7B6AA1FC59A8100D4EECF /* Frameworks */,
				4AE7B6AB1FC59A8100D4EECF /* Resources */,
				D9AC028EB98C3FF9B8772036 /* [CP] Embed Pods Frameworks */,
				4025A67F4CD3016ABF5451F7 /* [CP] Copy Pods Resources */,
			);
			buildRules = (
			);
			dependencies = (
			);
			name = ServicesP;
			productName = ServicesP;
			productReference = 4AE7B6AD1FC59A8100D4EECF /* ServicesP.app */;
			productType = "com.apple.product-type.application";
		};
/* End PBXNativeTarget section */

/* Begin PBXProject section */
		4AE7B6A51FC59A8000D4EECF /* Project object */ = {
			isa = PBXProject;
			attributes = {
				LastSwiftUpdateCheck = 0900;
				LastUpgradeCheck = 0900;
				ORGANIZATIONNAME = simplicity;
				TargetAttributes = {
					4AE7B6AC1FC59A8100D4EECF = {
						CreatedOnToolsVersion = 9.0;
						ProvisioningStyle = Automatic;
					};
				};
			};
			buildConfigurationList = 4AE7B6A81FC59A8000D4EECF /* Build configuration list for PBXProject "ServicesP" */;
			compatibilityVersion = "Xcode 8.0";
			developmentRegion = en;
			hasScannedForEncodings = 0;
			knownRegions = (
				en,
				Base,
			);
			mainGroup = 4AE7B6A41FC59A8000D4EECF;
			productRefGroup = 4AE7B6AE1FC59A8100D4EECF /* Products */;
			projectDirPath = "";
			projectRoot = "";
			targets = (
				4AE7B6AC1FC59A8100D4EECF /* ServicesP */,
			);
		};
/* End PBXProject section */

/* Begin PBXResourcesBuildPhase section */
		4AE7B6AB1FC59A8100D4EECF /* Resources */ = {
			isa = PBXResourcesBuildPhase;
			buildActionMask = 2147483647;
			files = (
				4AE7B6BB1FC59A8100D4EECF /* LaunchScreen.storyboard in Resources */,
				4AE7B6B81FC59A8100D4EECF /* Assets.xcassets in Resources */,
				4AE7B6B61FC59A8100D4EECF /* Main.storyboard in Resources */,
			);
			runOnlyForDeploymentPostprocessing = 0;
		};
/* End PBXResourcesBuildPhase section */

/* Begin PBXShellScriptBuildPhase section */
		3C0E9A57CFCABDA0F77D9833 /* [CP] Check Pods Manifest.lock */ = {
			isa = PBXShellScriptBuildPhase;
			buildActionMask = 2147483647;
			files = (
			);
			inputPaths = (
				"${PODS_PODFILE_DIR_PATH}/Podfile.lock",
				"${PODS_ROOT}/Manifest.lock",
			);
			name = "[CP] Check Pods Manifest.lock";
			outputPaths = (
				"$(DERIVED_FILE_DIR)/Pods-ServicesP-checkManifestLockResult.txt",
			);
			runOnlyForDeploymentPostprocessing = 0;
			shellPath = /bin/sh;
			shellScript = "diff \"${PODS_PODFILE_DIR_PATH}/Podfile.lock\" \"${PODS_ROOT}/Manifest.lock\" > /dev/null\nif [ $? != 0 ] ; then\n    # print error to STDERR\n    echo \"error: The sandbox is not in sync with the Podfile.lock. Run 'pod install' or update your CocoaPods installation.\" >&2\n    exit 1\nfi\n# This output is used by Xcode 'outputs' to avoid re-running this script phase.\necho \"SUCCESS\" > \"${SCRIPT_OUTPUT_FILE_0}\"\n";
			showEnvVarsInLog = 0;
		};
		4025A67F4CD3016ABF5451F7 /* [CP] Copy Pods Resources */ = {
			isa = PBXShellScriptBuildPhase;
			buildActionMask = 2147483647;
			files = (
			);
			inputPaths = (
			);
			name = "[CP] Copy Pods Resources";
			outputPaths = (
			);
			runOnlyForDeploymentPostprocessing = 0;
			shellPath = /bin/sh;
			shellScript = "\"${SRCROOT}/Pods/Target Support Files/Pods-ServicesP/Pods-ServicesP-resources.sh\"\n";
			showEnvVarsInLog = 0;
		};
		D9AC028EB98C3FF9B8772036 /* [CP] Embed Pods Frameworks */ = {
			isa = PBXShellScriptBuildPhase;
			buildActionMask = 2147483647;
			files = (
			);
			inputPaths = (
				"${SRCROOT}/Pods/Target Support Files/Pods-ServicesP/Pods-ServicesP-frameworks.sh",
				"${BUILT_PRODUCTS_DIR}/AFNetworking/AFNetworking.framework",
				"${BUILT_PRODUCTS_DIR}/Alamofire/Alamofire.framework",
			);
			name = "[CP] Embed Pods Frameworks";
			outputPaths = (
				"${TARGET_BUILD_DIR}/${FRAMEWORKS_FOLDER_PATH}/AFNetworking.framework",
				"${TARGET_BUILD_DIR}/${FRAMEWORKS_FOLDER_PATH}/Alamofire.framework",
			);
			runOnlyForDeploymentPostprocessing = 0;
			shellPath = /bin/sh;
			shellScript = "\"${SRCROOT}/Pods/Target Support Files/Pods-ServicesP/Pods-ServicesP-frameworks.sh\"\n";
			showEnvVarsInLog = 0;
		};
/* End PBXShellScriptBuildPhase section */

/* Begin PBXSourcesBuildPhase section */
		4AE7B6A91FC59A8100D4EECF /* Sources */ = {
			isa = PBXSourcesBuildPhase;
			buildActionMask = 2147483647;
			files = (
				4A5E044D1FC69C8400354B58 /* ServicesClass.swift in Sources */,
				4A5E044B1FC69BC700354B58 /* LoginViewController.swift in Sources */,
				4AE7B6B11FC59A8100D4EECF /* AppDelegate.swift in Sources */,
				4AE7B6C71FC5ADEB00D4EECF /* Constants.swift in Sources */,
			);
			runOnlyForDeploymentPostprocessing = 0;
		};
/* End PBXSourcesBuildPhase section */

/* Begin PBXVariantGroup section */
		4AE7B6B41FC59A8100D4EECF /* Main.storyboard */ = {
			isa = PBXVariantGroup;
			children = (
				4AE7B6B51FC59A8100D4EECF /* Base */,
			);
			name = Main.storyboard;
			sourceTree = "<group>";
		};
		4AE7B6B91FC59A8100D4EECF /* LaunchScreen.storyboard */ = {
			isa = PBXVariantGroup;
			children = (
				4AE7B6BA1FC59A8100D4EECF /* Base */,
			);
			name = LaunchScreen.storyboard;
			sourceTree = "<group>";
		};
/* End PBXVariantGroup section */

/* Begin XCBuildConfiguration section */
		4AE7B6BD1FC59A8100D4EECF /* Debug */ = {
			isa = XCBuildConfiguration;
			buildSettings = {
				ALWAYS_SEARCH_USER_PATHS = NO;
				CLANG_ANALYZER_NONNULL = YES;
				CLANG_ANALYZER_NUMBER_OBJECT_CONVERSION = YES_AGGRESSIVE;
				CLANG_CXX_LANGUAGE_STANDARD = "gnu++14";
				CLANG_CXX_LIBRARY = "libc++";
				CLANG_ENABLE_MODULES = YES;
				CLANG_ENABLE_OBJC_ARC = YES;
				CLANG_WARN_BLOCK_CAPTURE_AUTORELEASING = YES;
				CLANG_WARN_BOOL_CONVERSION = YES;
				CLANG_WARN_COMMA = YES;
				CLANG_WARN_CONSTANT_CONVERSION = YES;
				CLANG_WARN_DIRECT_OBJC_ISA_USAGE = YES_ERROR;
				CLANG_WARN_DOCUMENTATION_COMMENTS = YES;
				CLANG_WARN_EMPTY_BODY = YES;
				CLANG_WARN_ENUM_CONVERSION = YES;
				CLANG_WARN_INFINITE_RECURSION = YES;
				CLANG_WARN_INT_CONVERSION = YES;
				CLANG_WARN_NON_LITERAL_NULL_CONVERSION = YES;
				CLANG_WARN_OBJC_LITERAL_CONVERSION = YES;
				CLANG_WARN_OBJC_ROOT_CLASS = YES_ERROR;
				CLANG_WARN_RANGE_LOOP_ANALYSIS = YES;
				CLANG_WARN_STRICT_PROTOTYPES = YES;
				CLANG_WARN_SUSPICIOUS_MOVE = YES;
				CLANG_WARN_UNGUARDED_AVAILABILITY = YES_AGGRESSIVE;
				CLANG_WARN_UNREACHABLE_CODE = YES;
				CLANG_WARN__DUPLICATE_METHOD_MATCH = YES;
				CODE_SIGN_IDENTITY = "iPhone Developer";
				COPY_PHASE_STRIP = NO;
				DEBUG_INFORMATION_FORMAT = dwarf;
				ENABLE_STRICT_OBJC_MSGSEND = YES;
				ENABLE_TESTABILITY = YES;
				GCC_C_LANGUAGE_STANDARD = gnu11;
				GCC_DYNAMIC_NO_PIC = NO;
				GCC_NO_COMMON_BLOCKS = YES;
				GCC_OPTIMIZATION_LEVEL = 0;
				GCC_PREPROCESSOR_DEFINITIONS = (
					"DEBUG=1",
					"$(inherited)",
				);
				GCC_WARN_64_TO_32_BIT_CONVERSION = YES;
				GCC_WARN_ABOUT_RETURN_TYPE = YES_ERROR;
				GCC_WARN_UNDECLARED_SELECTOR = YES;
				GCC_WARN_UNINITIALIZED_AUTOS = YES_AGGRESSIVE;
				GCC_WARN_UNUSED_FUNCTION = YES;
				GCC_WARN_UNUSED_VARIABLE = YES;
				IPHONEOS_DEPLOYMENT_TARGET = 11.0;
				MTL_ENABLE_DEBUG_INFO = YES;
				ONLY_ACTIVE_ARCH = YES;
				SDKROOT = iphoneos;
				SWIFT_ACTIVE_COMPILATION_CONDITIONS = DEBUG;
				SWIFT_OPTIMIZATION_LEVEL = "-Onone";
			};
			name = Debug;
		};
		4AE7B6BE1FC59A8100D4EECF /* Release */ = {
			isa = XCBuildConfiguration;
			buildSettings = {
				ALWAYS_SEARCH_USER_PATHS = NO;
				CLANG_ANALYZER_NONNULL = YES;
				CLANG_ANALYZER_NUMBER_OBJECT_CONVERSION = YES_AGGRESSIVE;
				CLANG_CXX_LANGUAGE_STANDARD = "gnu++14";
				CLANG_CXX_LIBRARY = "libc++";
				CLANG_ENABLE_MODULES = YES;
				CLANG_ENABLE_OBJC_ARC = YES;
				CLANG_WARN_BLOCK_CAPTURE_AUTORELEASING = YES;
				CLANG_WARN_BOOL_CONVERSION = YES;
				CLANG_WARN_COMMA = YES;
				CLANG_WARN_CONSTANT_CONVERSION = YES;
				CLANG_WARN_DIRECT_OBJC_ISA_USAGE = YES_ERROR;
				CLANG_WARN_DOCUMENTATION_COMMENTS = YES;
				CLANG_WARN_EMPTY_BODY = YES;
				CLANG_WARN_ENUM_CONVERSION = YES;
				CLANG_WARN_INFINITE_RECURSION = YES;
				CLANG_WARN_INT_CONVERSION = YES;
				CLANG_WARN_NON_LITERAL_NULL_CONVERSION = YES;
				CLANG_WARN_OBJC_LITERAL_CONVERSION = YES;
				CLANG_WARN_OBJC_ROOT_CLASS = YES_ERROR;
				CLANG_WARN_RANGE_LOOP_ANALYSIS = YES;
				CLANG_WARN_STRICT_PROTOTYPES = YES;
				CLANG_WARN_SUSPICIOUS_MOVE = YES;
				CLANG_WARN_UNGUARDED_AVAILABILITY = YES_AGGRESSIVE;
				CLANG_WARN_UNREACHABLE_CODE = YES;
				CLANG_WARN__DUPLICATE_METHOD_MATCH = YES;
				CODE_SIGN_IDENTITY = "iPhone Developer";
				COPY_PHASE_STRIP = NO;
				DEBUG_INFORMATION_FORMAT = "dwarf-with-dsym";
				ENABLE_NS_ASSERTIONS = NO;
				ENABLE_STRICT_OBJC_MSGSEND = YES;
				GCC_C_LANGUAGE_STANDARD = gnu11;
				GCC_NO_COMMON_BLOCKS = YES;
				GCC_WARN_64_TO_32_BIT_CONVERSION = YES;
				GCC_WARN_ABOUT_RETURN_TYPE = YES_ERROR;
				GCC_WARN_UNDECLARED_SELECTOR = YES;
				GCC_WARN_UNINITIALIZED_AUTOS = YES_AGGRESSIVE;
				GCC_WARN_UNUSED_FUNCTION = YES;
				GCC_WARN_UNUSED_VARIABLE = YES;
				IPHONEOS_DEPLOYMENT_TARGET = 11.0;
				MTL_ENABLE_DEBUG_INFO = NO;
				SDKROOT = iphoneos;
				SWIFT_OPTIMIZATION_LEVEL = "-Owholemodule";
				VALIDATE_PRODUCT = YES;
			};
			name = Release;
		};
		4AE7B6C01FC59A8100D4EECF /* Debug */ = {
			isa = XCBuildConfiguration;
			baseConfigurationReference = 59AA7AA82758CE4463762BE5 /* Pods-ServicesP.debug.xcconfig */;
			buildSettings = {
				ASSETCATALOG_COMPILER_APPICON_NAME = AppIcon;
				CODE_SIGN_STYLE = Automatic;
				DEVELOPMENT_TEAM = MR2PX4Y62Y;
				INFOPLIST_FILE = ServicesP/Info.plist;
				IPHONEOS_DEPLOYMENT_TARGET = 10.0;
				LD_RUNPATH_SEARCH_PATHS = "$(inherited) @executable_path/Frameworks";
				PRODUCT_BUNDLE_IDENTIFIER = com.test.ServicesP;
				PRODUCT_NAME = "$(TARGET_NAME)";
				SWIFT_VERSION = 4.0;
				TARGETED_DEVICE_FAMILY = "1,2";
			};
			name = Debug;
		};
		4AE7B6C11FC59A8100D4EECF /* Release */ = {
			isa = XCBuildConfiguration;
			baseConfigurationReference = 7AF441AC14C613C07FD34266 /* Pods-ServicesP.release.xcconfig */;
			buildSettings = {
				ASSETCATALOG_COMPILER_APPICON_NAME = AppIcon;
				CODE_SIGN_STYLE = Automatic;
				DEVELOPMENT_TEAM = MR2PX4Y62Y;
				INFOPLIST_FILE = ServicesP/Info.plist;
				IPHONEOS_DEPLOYMENT_TARGET = 10.0;
				LD_RUNPATH_SEARCH_PATHS = "$(inherited) @executable_path/Frameworks";
				PRODUCT_BUNDLE_IDENTIFIER = com.test.ServicesP;
				PRODUCT_NAME = "$(TARGET_NAME)";
				SWIFT_VERSION = 4.0;
				TARGETED_DEVICE_FAMILY = "1,2";
			};
			name = Release;
		};
/* End XCBuildConfiguration section */

/* Begin XCConfigurationList section */
		4AE7B6A81FC59A8000D4EECF /* Build configuration list for PBXProject "ServicesP" */ = {
			isa = XCConfigurationList;
			buildConfigurations = (
				4AE7B6BD1FC59A8100D4EECF /* Debug */,
				4AE7B6BE1FC59A8100D4EECF /* Release */,
			);
			defaultConfigurationIsVisible = 0;
			defaultConfigurationName = Release;
		};
		4AE7B6BF1FC59A8100D4EECF /* Build configuration list for PBXNativeTarget "ServicesP" */ = {
			isa = XCConfigurationList;
			buildConfigurations = (
				4AE7B6C01FC59A8100D4EECF /* Debug */,
				4AE7B6C11FC59A8100D4EECF /* Release */,
			);
			defaultConfigurationIsVisible = 0;
			defaultConfigurationName = Release;
		};
/* End XCConfigurationList section */
	};
	rootObject = 4AE7B6A51FC59A8000D4EECF /* Project object */;
}
